
Microsoft Visual Studio Solution File, Format Version 12.00
# Visual Studio Version 17
VisualStudioVersion = 17.4.33403.182
MinimumVisualStudioVersion = 10.0.40219.1
Project("{9A19103F-16F7-4668-BE54-9A1E7A4F7556}") = "FlightNavigatorApi", "FlightNavigatorApi\FlightNavigatorApi.csproj", "{EF46FC19-D53C-4039-BBCF-817DFB55AC55}"
EndProject
Project("{9A19103F-16F7-4668-BE54-9A1E7A4F7556}") = "FlightSimulator", "SimulatorFlight\FlightSimulator.csproj", "{9C51CE12-A425-496C-B9FE-AE01E75E84C5}"
EndProject
Project("{9A19103F-16F7-4668-BE54-9A1E7A4F7556}") = "Shared", "Shared\Shared.csproj", "{1FE0E806-6C91-4B08-A97C-52B2E72066D8}"
EndProject
Project("{FAE04EC0-301F-11D3-BF4B-00C04F79EFBC}") = "UnitTestFlightNavigator", "UnitTestFlightNavigator\UnitTestFlightNavigator.csproj", "{4D90D4FB-D4B3-4CCC-8045-5CC42D01F3ED}"
EndProject
Global
	GlobalSection(SolutionConfigurationPlatforms) = preSolution
		Debug|Any CPU = Debug|Any CPU
		Release|Any CPU = Release|Any CPU
	EndGlobalSection
	GlobalSection(ProjectConfigurationPlatforms) = postSolution
		{EF46FC19-D53C-4039-BBCF-817DFB55AC55}.Debug|Any CPU.ActiveCfg = Debug|Any CPU
		{EF46FC19-D53C-4039-BBCF-817DFB55AC55}.Debug|Any CPU.Build.0 = Debug|Any CPU
		{EF46FC19-D53C-4039-BBCF-817DFB55AC55}.Release|Any CPU.ActiveCfg = Release|Any CPU
		{EF46FC19-D53C-4039-BBCF-817DFB55AC55}.Release|Any CPU.Build.0 = Release|Any CPU
		{9C51CE12-A425-496C-B9FE-AE01E75E84C5}.Debug|Any CPU.ActiveCfg = Debug|Any CPU
		{9C51CE12-A425-496C-B9FE-AE01E75E84C5}.Debug|Any CPU.Build.0 = Debug|Any CPU
		{9C51CE12-A425-496C-B9FE-AE01E75E84C5}.Release|Any CPU.ActiveCfg = Release|Any CPU
		{9C51CE12-A425-496C-B9FE-AE01E75E84C5}.Release|Any CPU.Build.0 = Release|Any CPU
		{1FE0E806-6C91-4B08-A97C-52B2E72066D8}.Debug|Any CPU.ActiveCfg = Debug|Any CPU
		{1FE0E806-6C91-4B08-A97C-52B2E72066D8}.Debug|Any CPU.Build.0 = Debug|Any CPU
		{1FE0E806-6C91-4B08-A97C-52B2E72066D8}.Release|Any CPU.ActiveCfg = Release|Any CPU
		{1FE0E806-6C91-4B08-A97C-52B2E72066D8}.Release|Any CPU.Build.0 = Release|Any CPU
		{4D90D4FB-D4B3-4CCC-8045-5CC42D01F3ED}.Debug|Any CPU.ActiveCfg = Debug|Any CPU
		{4D90D4FB-D4B3-4CCC-8045-5CC42D01F3ED}.Debug|Any CPU.Build.0 = Debug|Any CPU
		{4D90D4FB-D4B3-4CCC-8045-5CC42D01F3ED}.Release|Any CPU.ActiveCfg = Release|Any CPU
		{4D90D4FB-D4B3-4CCC-8045-5CC42D01F3ED}.Release|Any CPU.Build.0 = Release|Any CPU
	EndGlobalSection
	GlobalSection(SolutionProperties) = preSolution
		HideSolutionNode = FALSE
	EndGlobalSection
	GlobalSection(ExtensibilityGlobals) = postSolution
		SolutionGuid = {45FE3C32-5469-43CB-A8C2-864218873BC7}
	EndGlobalSection
EndGlobal
